// !$*UTF8*$!
{
	archiveVersion = 1;
	classes = {
	};
	objectVersion = 48;
	objects = {

/* Begin PBXBuildFile section */
		365383E71F7EC16C00B6E11F /* main.cpp in Sources */ = {isa = PBXBuildFile; fileRef = 365383E61F7EC16C00B6E11F /* main.cpp */; };
		365383EF1F7EC1AB00B6E11F /* Erupting Volcanoes.cpp in Sources */ = {isa = PBXBuildFile; fileRef = 365383EE1F7EC1AB00B6E11F /* Erupting Volcanoes.cpp */; };
		365383F11F7EDAF300B6E11F /* The Snake vs the Wind.cpp in Sources */ = {isa = PBXBuildFile; fileRef = 365383F01F7EDAF300B6E11F /* The Snake vs the Wind.cpp */; };
		365383F31F7EE2C900B6E11F /* Bob's Game.cpp in Sources */ = {isa = PBXBuildFile; fileRef = 365383F21F7EE2C900B6E11F /* Bob's Game.cpp */; };
		365383F51F7F06D500B6E11F /* Black White Tree.cpp in Sources */ = {isa = PBXBuildFile; fileRef = 365383F41F7F06D500B6E11F /* Black White Tree.cpp */; };
/* End PBXBuildFile section */

/* Begin PBXCopyFilesBuildPhase section */
		365383E11F7EC16C00B6E11F /* CopyFiles */ = {
			isa = PBXCopyFilesBuildPhase;
			buildActionMask = 2147483647;
			dstPath = /usr/share/man/man1/;
			dstSubfolderSpec = 0;
			files = (
			);
			runOnlyForDeploymentPostprocessing = 1;
		};
/* End PBXCopyFilesBuildPhase section */

/* Begin PBXFileReference section */
		365383E31F7EC16C00B6E11F /* University CodeSprint 3 */ = {isa = PBXFileReference; explicitFileType = "compiled.mach-o.executable"; includeInIndex = 0; path = "University CodeSprint 3"; sourceTree = BUILT_PRODUCTS_DIR; };
		365383E61F7EC16C00B6E11F /* main.cpp */ = {isa = PBXFileReference; lastKnownFileType = sourcecode.cpp.cpp; path = main.cpp; sourceTree = "<group>"; };
		365383ED1F7EC17F00B6E11F /* Header.h */ = {isa = PBXFileReference; lastKnownFileType = sourcecode.c.h; path = Header.h; sourceTree = "<group>"; };
		365383EE1F7EC1AB00B6E11F /* Erupting Volcanoes.cpp */ = {isa = PBXFileReference; lastKnownFileType = sourcecode.cpp.cpp; path = "Erupting Volcanoes.cpp"; sourceTree = "<group>"; };
		365383F01F7EDAF300B6E11F /* The Snake vs the Wind.cpp */ = {isa = PBXFileReference; lastKnownFileType = sourcecode.cpp.cpp; path = "The Snake vs the Wind.cpp"; sourceTree = "<group>"; };
		365383F21F7EE2C900B6E11F /* Bob's Game.cpp */ = {isa = PBXFileReference; lastKnownFileType = sourcecode.cpp.cpp; path = "Bob's Game.cpp"; sourceTree = "<group>"; };
		365383F41F7F06D500B6E11F /* Black White Tree.cpp */ = {isa = PBXFileReference; lastKnownFileType = sourcecode.cpp.cpp; path = "Black White Tree.cpp"; sourceTree = "<group>"; };
/* End PBXFileReference section */

/* Begin PBXFrameworksBuildPhase section */
		365383E01F7EC16C00B6E11F /* Frameworks */ = {
			isa = PBXFrameworksBuildPhase;
			buildActionMask = 2147483647;
			files = (
			);
			runOnlyForDeploymentPostprocessing = 0;
		};
/* End PBXFrameworksBuildPhase section */

/* Begin PBXGroup section */
		365383DA1F7EC16C00B6E11F = {
			isa = PBXGroup;
			children = (
				365383E51F7EC16C00B6E11F /* University CodeSprint 3 */,
				365383E41F7EC16C00B6E11F /* Products */,
			);
			sourceTree = "<group>";
		};
		365383E41F7EC16C00B6E11F /* Products */ = {
			isa = PBXGroup;
			children = (
				365383E31F7EC16C00B6E11F /* University CodeSprint 3 */,
			);
			name = Products;
			sourceTree = "<group>";
		};
		365383E51F7EC16C00B6E11F /* University CodeSprint 3 */ = {
			isa = PBXGroup;
			children = (
				365383E61F7EC16C00B6E11F /* main.cpp */,
				365383ED1F7EC17F00B6E11F /* Header.h */,
				365383EE1F7EC1AB00B6E11F /* Erupting Volcanoes.cpp */,
				365383F01F7EDAF300B6E11F /* The Snake vs the Wind.cpp */,
				365383F21F7EE2C900B6E11F /* Bob's Game.cpp */,
				365383F41F7F06D500B6E11F /* Black White Tree.cpp */,
			);
			path = "University CodeSprint 3";
			sourceTree = "<group>";
		};
/* End PBXGroup section */

/* Begin PBXNativeTarget section */
		365383E21F7EC16C00B6E11F /* University CodeSprint 3 */ = {
			isa = PBXNativeTarget;
			buildConfigurationList = 365383EA1F7EC16C00B6E11F /* Build configuration list for PBXNativeTarget "University CodeSprint 3" */;
			buildPhases = (
				365383DF1F7EC16C00B6E11F /* Sources */,
				365383E01F7EC16C00B6E11F /* Frameworks */,
				365383E11F7EC16C00B6E11F /* CopyFiles */,
			);
			buildRules = (
			);
			dependencies = (
			);
			name = "University CodeSprint 3";
			productName = "University CodeSprint 3";
			productReference = 365383E31F7EC16C00B6E11F /* University CodeSprint 3 */;
			productType = "com.apple.product-type.tool";
		};
/* End PBXNativeTarget section */

/* Begin PBXProject section */
		365383DB1F7EC16C00B6E11F /* Project object */ = {
			isa = PBXProject;
			attributes = {
				LastUpgradeCheck = 0900;
				ORGANIZATIONNAME = HackerRank;
				TargetAttributes = {
					365383E21F7EC16C00B6E11F = {
						CreatedOnToolsVersion = 9.0;
						ProvisioningStyle = Automatic;
					};
				};
			};
			buildConfigurationList = 365383DE1F7EC16C00B6E11F /* Build configuration list for PBXProject "University CodeSprint 3" */;
			compatibilityVersion = "Xcode 8.0";
			developmentRegion = en;
			hasScannedForEncodings = 0;
			knownRegions = (
				en,
			);
			mainGroup = 365383DA1F7EC16C00B6E11F;
			productRefGroup = 365383E41F7EC16C00B6E11F /* Products */;
			projectDirPath = "";
			projectRoot = "";
			targets = (
				365383E21F7EC16C00B6E11F /* University CodeSprint 3 */,
			);
		};
/* End PBXProject section */

/* Begin PBXSourcesBuildPhase section */
		365383DF1F7EC16C00B6E11F /* Sources */ = {
			isa = PBXSourcesBuildPhase;
			buildActionMask = 2147483647;
			files = (
				365383F51F7F06D500B6E11F /* Black White Tree.cpp in Sources */,
				365383E71F7EC16C00B6E11F /* main.cpp in Sources */,
				365383EF1F7EC1AB00B6E11F /* Erupting Volcanoes.cpp in Sources */,
				365383F31F7EE2C900B6E11F /* Bob's Game.cpp in Sources */,
				365383F11F7EDAF300B6E11F /* The Snake vs the Wind.cpp in Sources */,
			);
			runOnlyForDeploymentPostprocessing = 0;
		};
/* End PBXSourcesBuildPhase section */

/* Begin XCBuildConfiguration section */
		365383E81F7EC16C00B6E11F /* Debug */ = {
			isa = XCBuildConfiguration;
			buildSettings = {
				ALWAYS_SEARCH_USER_PATHS = NO;
				CLANG_ANALYZER_NONNULL = YES;
				CLANG_ANALYZER_NUMBER_OBJECT_CONVERSION = YES_AGGRESSIVE;
				CLANG_CXX_LANGUAGE_STANDARD = "gnu++14";
				CLANG_CXX_LIBRARY = "libc++";
				CLANG_ENABLE_MODULES = YES;
				CLANG_ENABLE_OBJC_ARC = YES;
				CLANG_WARN_BLOCK_CAPTURE_AUTORELEASING = YES;
				CLANG_WARN_BOOL_CONVERSION = YES;
				CLANG_WARN_COMMA = YES;
				CLANG_WARN_CONSTANT_CONVERSION = YES;
				CLANG_WARN_DIRECT_OBJC_ISA_USAGE = YES_ERROR;
				CLANG_WARN_DOCUMENTATION_COMMENTS = YES;
				CLANG_WARN_EMPTY_BODY = YES;
				CLANG_WARN_ENUM_CONVERSION = YES;
				CLANG_WARN_INFINITE_RECURSION = YES;
				CLANG_WARN_INT_CONVERSION = YES;
				CLANG_WARN_NON_LITERAL_NULL_CONVERSION = YES;
				CLANG_WARN_OBJC_LITERAL_CONVERSION = YES;
				CLANG_WARN_OBJC_ROOT_CLASS = YES_ERROR;
				CLANG_WARN_RANGE_LOOP_ANALYSIS = YES;
				CLANG_WARN_STRICT_PROTOTYPES = YES;
				CLANG_WARN_SUSPICIOUS_MOVE = YES;
				CLANG_WARN_UNGUARDED_AVAILABILITY = YES_AGGRESSIVE;
				CLANG_WARN_UNREACHABLE_CODE = YES;
				CLANG_WARN__DUPLICATE_METHOD_MATCH = YES;
				CODE_SIGN_IDENTITY = "-";
				COPY_PHASE_STRIP = NO;
				DEBUG_INFORMATION_FORMAT = dwarf;
				ENABLE_STRICT_OBJC_MSGSEND = YES;
				ENABLE_TESTABILITY = YES;
				GCC_C_LANGUAGE_STANDARD = gnu11;
				GCC_DYNAMIC_NO_PIC = NO;
				GCC_NO_COMMON_BLOCKS = YES;
				GCC_OPTIMIZATION_LEVEL = 0;
				GCC_PREPROCESSOR_DEFINITIONS = (
					"DEBUG=1",
					"$(inherited)",
				);
				GCC_WARN_64_TO_32_BIT_CONVERSION = YES;
				GCC_WARN_ABOUT_RETURN_TYPE = YES_ERROR;
				GCC_WARN_UNDECLARED_SELECTOR = YES;
				GCC_WARN_UNINITIALIZED_AUTOS = YES_AGGRESSIVE;
				GCC_WARN_UNUSED_FUNCTION = YES;
				GCC_WARN_UNUSED_VARIABLE = YES;
				MACOSX_DEPLOYMENT_TARGET = 10.12;
				MTL_ENABLE_DEBUG_INFO = YES;
				ONLY_ACTIVE_ARCH = YES;
				SDKROOT = macosx;
			};
			name = Debug;
		};
		365383E91F7EC16C00B6E11F /* Release */ = {
			isa = XCBuildConfiguration;
			buildSettings = {
				ALWAYS_SEARCH_USER_PATHS = NO;
				CLANG_ANALYZER_NONNULL = YES;
				CLANG_ANALYZER_NUMBER_OBJECT_CONVERSION = YES_AGGRESSIVE;
				CLANG_CXX_LANGUAGE_STANDARD = "gnu++14";
				CLANG_CXX_LIBRARY = "libc++";
				CLANG_ENABLE_MODULES = YES;
				CLANG_ENABLE_OBJC_ARC = YES;
				CLANG_WARN_BLOCK_CAPTURE_AUTORELEASING = YES;
				CLANG_WARN_BOOL_CONVERSION = YES;
				CLANG_WARN_COMMA = YES;
				CLANG_WARN_CONSTANT_CONVERSION = YES;
				CLANG_WARN_DIRECT_OBJC_ISA_USAGE = YES_ERROR;
				CLANG_WARN_DOCUMENTATION_COMMENTS = YES;
				CLANG_WARN_EMPTY_BODY = YES;
				CLANG_WARN_ENUM_CONVERSION = YES;
				CLANG_WARN_INFINITE_RECURSION = YES;
				CLANG_WARN_INT_CONVERSION = YES;
				CLANG_WARN_NON_LITERAL_NULL_CONVERSION = YES;
				CLANG_WARN_OBJC_LITERAL_CONVERSION = YES;
				CLANG_WARN_OBJC_ROOT_CLASS = YES_ERROR;
				CLANG_WARN_RANGE_LOOP_ANALYSIS = YES;
				CLANG_WARN_STRICT_PROTOTYPES = YES;
				CLANG_WARN_SUSPICIOUS_MOVE = YES;
				CLANG_WARN_UNGUARDED_AVAILABILITY = YES_AGGRESSIVE;
				CLANG_WARN_UNREACHABLE_CODE = YES;
				CLANG_WARN__DUPLICATE_METHOD_MATCH = YES;
				CODE_SIGN_IDENTITY = "-";
				COPY_PHASE_STRIP = NO;
				DEBUG_INFORMATION_FORMAT = "dwarf-with-dsym";
				ENABLE_NS_ASSERTIONS = NO;
				ENABLE_STRICT_OBJC_MSGSEND = YES;
				GCC_C_LANGUAGE_STANDARD = gnu11;
				GCC_NO_COMMON_BLOCKS = YES;
				GCC_WARN_64_TO_32_BIT_CONVERSION = YES;
				GCC_WARN_ABOUT_RETURN_TYPE = YES_ERROR;
				GCC_WARN_UNDECLARED_SELECTOR = YES;
				GCC_WARN_UNINITIALIZED_AUTOS = YES_AGGRESSIVE;
				GCC_WARN_UNUSED_FUNCTION = YES;
				GCC_WARN_UNUSED_VARIABLE = YES;
				MACOSX_DEPLOYMENT_TARGET = 10.12;
				MTL_ENABLE_DEBUG_INFO = NO;
				SDKROOT = macosx;
			};
			name = Release;
		};
		365383EB1F7EC16C00B6E11F /* Debug */ = {
			isa = XCBuildConfiguration;
			buildSettings = {
				CODE_SIGN_STYLE = Automatic;
				PRODUCT_NAME = "$(TARGET_NAME)";
			};
			name = Debug;
		};
		365383EC1F7EC16C00B6E11F /* Release */ = {
			isa = XCBuildConfiguration;
			buildSettings = {
				CODE_SIGN_STYLE = Automatic;
				PRODUCT_NAME = "$(TARGET_NAME)";
			};
			name = Release;
		};
/* End XCBuildConfiguration section */

/* Begin XCConfigurationList section */
		365383DE1F7EC16C00B6E11F /* Build configuration list for PBXProject "University CodeSprint 3" */ = {
			isa = XCConfigurationList;
			buildConfigurations = (
				365383E81F7EC16C00B6E11F /* Debug */,
				365383E91F7EC16C00B6E11F /* Release */,
			);
			defaultConfigurationIsVisible = 0;
			defaultConfigurationName = Release;
		};
		365383EA1F7EC16C00B6E11F /* Build configuration list for PBXNativeTarget "University CodeSprint 3" */ = {
			isa = XCConfigurationList;
			buildConfigurations = (
				365383EB1F7EC16C00B6E11F /* Debug */,
				365383EC1F7EC16C00B6E11F /* Release */,
			);
			defaultConfigurationIsVisible = 0;
			defaultConfigurationName = Release;
		};
/* End XCConfigurationList section */
	};
	rootObject = 365383DB1F7EC16C00B6E11F /* Project object */;
}
